
Microsoft Visual Studio Solution File, Format Version 12.00
# Visual Studio Version 17
VisualStudioVersion = 17.8.34309.116
MinimumVisualStudioVersion = 10.0.40219.1
Project("{FAE04EC0-301F-11D3-BF4B-00C04F79EFBC}") = "WebApplication1", "WebApplication1\WebApplication1.csproj", "{4A7EA4CF-E386-42E9-A622-A9BA36819DB6}"
EndProject
Global
	GlobalSection(SolutionConfigurationPlatforms) = preSolution
		Debug|Any CPU = Debug|Any CPU
		Release|Any CPU = Release|Any CPU
	EndGlobalSection
	GlobalSection(ProjectConfigurationPlatforms) = postSolution
		{4A7EA4CF-E386-42E9-A622-A9BA36819DB6}.Debug|Any CPU.ActiveCfg = Debug|Any CPU
		{4A7EA4CF-E386-42E9-A622-A9BA36819DB6}.Debug|Any CPU.Build.0 = Debug|Any CPU
		{4A7EA4CF-E386-42E9-A622-A9BA36819DB6}.Release|Any CPU.ActiveCfg = Release|Any CPU
		{4A7EA4CF-E386-42E9-A622-A9BA36819DB6}.Release|Any CPU.Build.0 = Release|Any CPU
	EndGlobalSection
	GlobalSection(SolutionProperties) = preSolution
		HideSolutionNode = FALSE
	EndGlobalSection
	GlobalSection(ExtensibilityGlobals) = postSolution
		SolutionGuid = {FE4280D1-8E08-4109-8204-53266F0EF091}
	EndGlobalSection
EndGlobal
